Microsoft Visual Studio Solution File, Format Version 12.00
# Visual Studio Version 16
VisualStudioVersion = 16.0.29215.179
MinimumVisualStudioVersion = 10.0.40219.1
Project("{F2A71F9B-5D33-465A-A702-920D77279786}") = "TodoMVC", "src\TodoMVC.fsproj", "{37799ACD-C9E7-435C-AACC-D1D51C9EB947}"
EndProject
Global
	GlobalSection(SolutionConfigurationPlatforms) = preSolution
		Debug|Any CPU = Debug|Any CPU
		Release|Any CPU = Release|Any CPU
	EndGlobalSection
	GlobalSection(ProjectConfigurationPlatforms) = postSolution
		{37799ACD-C9E7-435C-AACC-D1D51C9EB947}.Debug|Any CPU.ActiveCfg = Debug|Any CPU
		{37799ACD-C9E7-435C-AACC-D1D51C9EB947}.Debug|Any CPU.Build.0 = Debug|Any CPU
		{37799ACD-C9E7-435C-AACC-D1D51C9EB947}.Release|Any CPU.ActiveCfg = Release|Any CPU
		{37799ACD-C9E7-435C-AACC-D1D51C9EB947}.Release|Any CPU.Build.0 = Release|Any CPU
	EndGlobalSection
	GlobalSection(SolutionProperties) = preSolution
		HideSolutionNode = FALSE
	EndGlobalSection
	GlobalSection(ExtensibilityGlobals) = postSolution
		SolutionGuid = {0E91AEEA-75F2-484D-8E5E-E3322D13C65A}
	EndGlobalSection
EndGlobal
